{
  "name": "jamb-fortal",
  "lockfileVersion": 3,
  "requires": true,
  "packages": {
    "": {
      "dependencies": {
        "cookie-universal-nuxt": "^2.2.2",
        "pinia-plugin-persistedstate": "^4.7.1"
      }
    },
    "node_modules/@types/cookie": {
      "version": "0.3.3",
      "resolved": "https://registry.npmjs.org/@types/cookie/-/cookie-0.3.3.tgz",
      "integrity": "sha512-LKVP3cgXBT9RYj+t+9FDKwS5tdI+rPBXaNSkma7hvqy35lc7mAokC2zsqWJH0LaqIt3B962nuYI77hsJoT1gow=="
    },
    "node_modules/cookie": {
      "version": "0.4.2",
      "resolved": "https://registry.npmjs.org/cookie/-/cookie-0.4.2.tgz",
      "integrity": "sha512-aSWTXFzaKWkvHO1Ny/s+ePFpvKsPnjc551iI41v3ny/ow6tBG5Vd+FuqGNhh1LxOmVzOlGUriIlOaokOvhaStA==",
      "engines": {
        "node": ">= 0.6"
      }
    },
    "node_modules/cookie-universal": {
      "version": "2.2.2",
      "resolved": "https://registry.npmjs.org/cookie-universal/-/cookie-universal-2.2.2.tgz",
      "integrity": "sha512-nUXF6HH2YKbn8vGcdSzWJhjRkDHbnbekuVu2nsRu00zYsX7o/H3xGJRlPVoM4wX/8cpJYpyi9nDt+boER0Wjug==",
      "dependencies": {
        "@types/cookie": "^0.3.3",
        "cookie": "^0.4.0"
      }
    },
    "node_modules/cookie-universal-nuxt": {
      "version": "2.2.2",
      "resolved": "https://registry.npmjs.org/cookie-universal-nuxt/-/cookie-universal-nuxt-2.2.2.tgz",
      "integrity": "sha512-Pr6P5UCzl1EAvPh7z7jFkknBw0KTdykm6gFmPHrH4LV9s3flVmAH0ZP/ZqUXcp6b0SKZfizkn+XR1cO+QinGhQ==",
      "dependencies": {
        "@types/cookie": "^0.3.3",
        "cookie-universal": "^2.2.2"
      }
    },
    "node_modules/defu": {
      "version": "6.1.4",
      "resolved": "https://registry.npmjs.org/defu/-/defu-6.1.4.tgz",
      "integrity": "sha512-mEQCMmwJu317oSz8CwdIOdwf3xMif1ttiM8LTufzc3g6kR+9Pe236twL8j3IYT1F7GfRgGcW6MWxzZjLIkuHIg=="
    },
    "node_modules/pinia-plugin-persistedstate": {
      "version": "4.7.1",
      "resolved": "https://registry.npmjs.org/pinia-plugin-persistedstate/-/pinia-plugin-persistedstate-4.7.1.tgz",
      "integrity": "sha512-WHOqh2esDlR3eAaknPbqXrkkj0D24h8shrDPqysgCFR6ghqP/fpFfJmMPJp0gETHsvrh9YNNg6dQfo2OEtDnIQ==",
      "dependencies": {
        "defu": "^6.1.4"
      },
      "peerDependencies": {
        "@nuxt/kit": ">=3.0.0",
        "@pinia/nuxt": ">=0.10.0",
        "pinia": ">=3.0.0"
      },
      "peerDependenciesMeta": {
        "@nuxt/kit": {
          "optional": true
        },
        "@pinia/nuxt": {
          "optional": true
        },
        "pinia": {
          "optional": true
        }
      }
    }
  }
}
